
Microsoft Visual Studio Solution File, Format Version 12.00
# Visual Studio 15
Project("{FAE04EC0-301F-11D3-BF4B-00C04F79EFBC}") = "Assembly-CSharp", "Assembly-CSharp.csproj", "{812F585F-536E-44EA-9C3E-430F39EC1F22}"
EndProject
Project("{FAE04EC0-301F-11D3-BF4B-00C04F79EFBC}") = "Assembly-CSharp-Editor", "Assembly-CSharp-Editor.csproj", "{3C8C6C68-2863-7408-A612-1EF07AD4BB22}"
EndProject
Global
	GlobalSection(SolutionConfigurationPlatforms) = preSolution
		Debug|Any CPU = Debug|Any CPU
		Release|Any CPU = Release|Any CPU
	EndGlobalSection
	GlobalSection(ProjectConfigurationPlatforms) = postSolution
		{812F585F-536E-44EA-9C3E-430F39EC1F22}.Debug|Any CPU.ActiveCfg = Debug|Any CPU
		{812F585F-536E-44EA-9C3E-430F39EC1F22}.Debug|Any CPU.Build.0 = Debug|Any CPU
		{812F585F-536E-44EA-9C3E-430F39EC1F22}.Release|Any CPU.ActiveCfg = Release|Any CPU
		{812F585F-536E-44EA-9C3E-430F39EC1F22}.Release|Any CPU.Build.0 = Release|Any CPU
		{3C8C6C68-2863-7408-A612-1EF07AD4BB22}.Debug|Any CPU.ActiveCfg = Debug|Any CPU
		{3C8C6C68-2863-7408-A612-1EF07AD4BB22}.Debug|Any CPU.Build.0 = Debug|Any CPU
		{3C8C6C68-2863-7408-A612-1EF07AD4BB22}.Release|Any CPU.ActiveCfg = Release|Any CPU
		{3C8C6C68-2863-7408-A612-1EF07AD4BB22}.Release|Any CPU.Build.0 = Release|Any CPU
	EndGlobalSection
	GlobalSection(SolutionProperties) = preSolution
		HideSolutionNode = FALSE
	EndGlobalSection
EndGlobal
